github.com/buger/jsonparser v0.0.0-20191204142016-1a29609e0929 h1:MW/JDk68Rny52yI0M0N+P8lySNgB+NhpI/uAmhgOhUM=
github.com/buger/jsonparser v0.0.0-20191204142016-1a29609e0929/go.mod h1:tgcrVJ81GPSF0mz+0nu1Xaz0fazGPrmmJfJtxjbHhUQ=
github.com/pquerna/ffjson v0.0.0-20190930134022-aa0246cd15f7 h1:xoIK0ctDddBMnc74udxJYBqlo9Ylnsp1waqjLsnef20=
github.com/pquerna/ffjson v0.0.0-20190930134022-aa0246cd15f7/go.mod h1:YARuvh7BUWHNhzDq2OM5tzR2RiCcN2D7sapiKyCel/M=
